
Microsoft Visual Studio Solution File, Format Version 12.00
Project("{FAE04EC0-301F-11D3-BF4B-00C04F79EFBC}") = "ValidationMinimal", "ValidationMinimal.csproj", "{EFAF59F3-D3EE-4CE8-A7D9-18A31072C1CB}"
EndProject
Global
	GlobalSection(SolutionConfigurationPlatforms) = preSolution
		Debug|Any CPU = Debug|Any CPU
		Release|Any CPU = Release|Any CPU
	EndGlobalSection
	GlobalSection(ProjectConfigurationPlatforms) = postSolution
		{EFAF59F3-D3EE-4CE8-A7D9-18A31072C1CB}.Debug|Any CPU.ActiveCfg = Debug|Any CPU
		{EFAF59F3-D3EE-4CE8-A7D9-18A31072C1CB}.Debug|Any CPU.Build.0 = Debug|Any CPU
		{EFAF59F3-D3EE-4CE8-A7D9-18A31072C1CB}.Release|Any CPU.ActiveCfg = Release|Any CPU
		{EFAF59F3-D3EE-4CE8-A7D9-18A31072C1CB}.Release|Any CPU.Build.0 = Release|Any CPU
	EndGlobalSection
EndGlobal
